
Microsoft Visual Studio Solution File, Format Version 12.00
# Visual Studio Version 16
VisualStudioVersion = 16.0.30503.244
MinimumVisualStudioVersion = 15.0.26124.0
Project("{2150E333-8FDC-42A3-9474-1A3956D46DE8}") = "src", "src", "{070B2EE6-3903-402A-B63C-C59CE071073C}"
EndProject
Project("{9A19103F-16F7-4668-BE54-9A1E7A4F7556}") = "OneLinkTest.Application", "src\OneLinkTest.Application\OneLinkTest.Application.csproj", "{CE973AD7-1175-405C-934E-6CA51C061369}"
EndProject
Project("{9A19103F-16F7-4668-BE54-9A1E7A4F7556}") = "OneLinkTest.Domain", "src\OneLinkTest.Domain\OneLinkTest.Domain.csproj", "{71AB33EC-E184-4871-92EF-0E5CD509E209}"
EndProject
Project("{9A19103F-16F7-4668-BE54-9A1E7A4F7556}") = "OneLinkTest.Infrastructure", "src\OneLinkTest.Infrastructure\OneLinkTest.Infrastructure.csproj", "{DC55854C-AF5A-4417-9C25-E82376ABA510}"
EndProject
Project("{9A19103F-16F7-4668-BE54-9A1E7A4F7556}") = "OneLinkTest.WebApi", "src\OneLinkTest.WebApi\OneLinkTest.WebApi.csproj", "{D03EAEE4-FA5B-4A5E-9A73-06474A23F79B}"
EndProject
Project("{2150E333-8FDC-42A3-9474-1A3956D46DE8}") = "Solution Items", "Solution Items", "{06EFABCD-D8A6-452A-9B35-9B82FACD81C5}"
	ProjectSection(SolutionItems) = preProject
		.editorconfig = .editorconfig
	EndProjectSection
EndProject
Global
	GlobalSection(SolutionConfigurationPlatforms) = preSolution
		Debug|Any CPU = Debug|Any CPU
		Debug|x64 = Debug|x64
		Debug|x86 = Debug|x86
		Release|Any CPU = Release|Any CPU
		Release|x64 = Release|x64
		Release|x86 = Release|x86
	EndGlobalSection
	GlobalSection(ProjectConfigurationPlatforms) = postSolution
		{CE973AD7-1175-405C-934E-6CA51C061369}.Debug|Any CPU.ActiveCfg = Debug|Any CPU
		{CE973AD7-1175-405C-934E-6CA51C061369}.Debug|Any CPU.Build.0 = Debug|Any CPU
		{CE973AD7-1175-405C-934E-6CA51C061369}.Debug|x64.ActiveCfg = Debug|Any CPU
		{CE973AD7-1175-405C-934E-6CA51C061369}.Debug|x64.Build.0 = Debug|Any CPU
		{CE973AD7-1175-405C-934E-6CA51C061369}.Debug|x86.ActiveCfg = Debug|Any CPU
		{CE973AD7-1175-405C-934E-6CA51C061369}.Debug|x86.Build.0 = Debug|Any CPU
		{CE973AD7-1175-405C-934E-6CA51C061369}.Release|Any CPU.ActiveCfg = Release|Any CPU
		{CE973AD7-1175-405C-934E-6CA51C061369}.Release|Any CPU.Build.0 = Release|Any CPU
		{CE973AD7-1175-405C-934E-6CA51C061369}.Release|x64.ActiveCfg = Release|Any CPU
		{CE973AD7-1175-405C-934E-6CA51C061369}.Release|x64.Build.0 = Release|Any CPU
		{CE973AD7-1175-405C-934E-6CA51C061369}.Release|x86.ActiveCfg = Release|Any CPU
		{CE973AD7-1175-405C-934E-6CA51C061369}.Release|x86.Build.0 = Release|Any CPU
		{71AB33EC-E184-4871-92EF-0E5CD509E209}.Debug|Any CPU.ActiveCfg = Debug|Any CPU
		{71AB33EC-E184-4871-92EF-0E5CD509E209}.Debug|Any CPU.Build.0 = Debug|Any CPU
		{71AB33EC-E184-4871-92EF-0E5CD509E209}.Debug|x64.ActiveCfg = Debug|Any CPU
		{71AB33EC-E184-4871-92EF-0E5CD509E209}.Debug|x64.Build.0 = Debug|Any CPU
		{71AB33EC-E184-4871-92EF-0E5CD509E209}.Debug|x86.ActiveCfg = Debug|Any CPU
		{71AB33EC-E184-4871-92EF-0E5CD509E209}.Debug|x86.Build.0 = Debug|Any CPU
		{71AB33EC-E184-4871-92EF-0E5CD509E209}.Release|Any CPU.ActiveCfg = Release|Any CPU
		{71AB33EC-E184-4871-92EF-0E5CD509E209}.Release|Any CPU.Build.0 = Release|Any CPU
		{71AB33EC-E184-4871-92EF-0E5CD509E209}.Release|x64.ActiveCfg = Release|Any CPU
		{71AB33EC-E184-4871-92EF-0E5CD509E209}.Release|x64.Build.0 = Release|Any CPU
		{71AB33EC-E184-4871-92EF-0E5CD509E209}.Release|x86.ActiveCfg = Release|Any CPU
		{71AB33EC-E184-4871-92EF-0E5CD509E209}.Release|x86.Build.0 = Release|Any CPU
		{DC55854C-AF5A-4417-9C25-E82376ABA510}.Debug|Any CPU.ActiveCfg = Debug|Any CPU
		{DC55854C-AF5A-4417-9C25-E82376ABA510}.Debug|Any CPU.Build.0 = Debug|Any CPU
		{DC55854C-AF5A-4417-9C25-E82376ABA510}.Debug|x64.ActiveCfg = Debug|Any CPU
		{DC55854C-AF5A-4417-9C25-E82376ABA510}.Debug|x64.Build.0 = Debug|Any CPU
		{DC55854C-AF5A-4417-9C25-E82376ABA510}.Debug|x86.ActiveCfg = Debug|Any CPU
		{DC55854C-AF5A-4417-9C25-E82376ABA510}.Debug|x86.Build.0 = Debug|Any CPU
		{DC55854C-AF5A-4417-9C25-E82376ABA510}.Release|Any CPU.ActiveCfg = Release|Any CPU
		{DC55854C-AF5A-4417-9C25-E82376ABA510}.Release|Any CPU.Build.0 = Release|Any CPU
		{DC55854C-AF5A-4417-9C25-E82376ABA510}.Release|x64.ActiveCfg = Release|Any CPU
		{DC55854C-AF5A-4417-9C25-E82376ABA510}.Release|x64.Build.0 = Release|Any CPU
		{DC55854C-AF5A-4417-9C25-E82376ABA510}.Release|x86.ActiveCfg = Release|Any CPU
		{DC55854C-AF5A-4417-9C25-E82376ABA510}.Release|x86.Build.0 = Release|Any CPU
		{D03EAEE4-FA5B-4A5E-9A73-06474A23F79B}.Debug|Any CPU.ActiveCfg = Debug|Any CPU
		{D03EAEE4-FA5B-4A5E-9A73-06474A23F79B}.Debug|Any CPU.Build.0 = Debug|Any CPU
		{D03EAEE4-FA5B-4A5E-9A73-06474A23F79B}.Debug|x64.ActiveCfg = Debug|Any CPU
		{D03EAEE4-FA5B-4A5E-9A73-06474A23F79B}.Debug|x64.Build.0 = Debug|Any CPU
		{D03EAEE4-FA5B-4A5E-9A73-06474A23F79B}.Debug|x86.ActiveCfg = Debug|Any CPU
		{D03EAEE4-FA5B-4A5E-9A73-06474A23F79B}.Debug|x86.Build.0 = Debug|Any CPU
		{D03EAEE4-FA5B-4A5E-9A73-06474A23F79B}.Release|Any CPU.ActiveCfg = Release|Any CPU
		{D03EAEE4-FA5B-4A5E-9A73-06474A23F79B}.Release|Any CPU.Build.0 = Release|Any CPU
		{D03EAEE4-FA5B-4A5E-9A73-06474A23F79B}.Release|x64.ActiveCfg = Release|Any CPU
		{D03EAEE4-FA5B-4A5E-9A73-06474A23F79B}.Release|x64.Build.0 = Release|Any CPU
		{D03EAEE4-FA5B-4A5E-9A73-06474A23F79B}.Release|x86.ActiveCfg = Release|Any CPU
		{D03EAEE4-FA5B-4A5E-9A73-06474A23F79B}.Release|x86.Build.0 = Release|Any CPU
	EndGlobalSection
	GlobalSection(SolutionProperties) = preSolution
		HideSolutionNode = FALSE
	EndGlobalSection
	GlobalSection(NestedProjects) = preSolution
		{CE973AD7-1175-405C-934E-6CA51C061369} = {070B2EE6-3903-402A-B63C-C59CE071073C}
		{71AB33EC-E184-4871-92EF-0E5CD509E209} = {070B2EE6-3903-402A-B63C-C59CE071073C}
		{DC55854C-AF5A-4417-9C25-E82376ABA510} = {070B2EE6-3903-402A-B63C-C59CE071073C}
		{D03EAEE4-FA5B-4A5E-9A73-06474A23F79B} = {070B2EE6-3903-402A-B63C-C59CE071073C}
	EndGlobalSection
	GlobalSection(ExtensibilityGlobals) = postSolution
		SolutionGuid = {823B9061-6890-43B5-AD83-8895FD9AE72A}
	EndGlobalSection
EndGlobal
